{
  "requires": true,
  "lockfileVersion": 1,
  "dependencies": {
    "@firebase/webchannel-wrapper": {
      "version": "0.4.0",
      "resolved": "https://registry.npmjs.org/@firebase/webchannel-wrapper/-/webchannel-wrapper-0.4.0.tgz",
      "integrity": "sha512-8cUA/mg0S+BxIZ72TdZRsXKBP5n5uRcE3k29TZhZw6oIiHBt9JA7CTb/4pE1uKtE/q5NeTY2tBDcagoZ+1zjXQ=="
    },
    "react-uuid": {
      "version": "1.0.2",
      "resolved": "https://registry.npmjs.org/react-uuid/-/react-uuid-1.0.2.tgz",
      "integrity": "sha512-5e0GM16uuQj9MdRJlZ0GdLC8LKMwpU9PIqYmF27s3fIV2z+rLyASTaiW4aKzSY4DyGanz+ImzsECkftwGWfAwA=="
    }
  }
}
